
Microsoft Visual Studio Solution File, Format Version 12.00
# Visual Studio Version 16
VisualStudioVersion = 16.0.30128.74
MinimumVisualStudioVersion = 10.0.40219.1
Project("{FAE04EC0-301F-11D3-BF4B-00C04F79EFBC}") = "RocketLeague.ConsoleTest", "RocketLeague.ConsoleTest\RocketLeague.ConsoleTest.csproj", "{16C4EF84-CC4C-4548-9694-422251B1329D}"
EndProject
Project("{FAE04EC0-301F-11D3-BF4B-00C04F79EFBC}") = "RocketLeague.API", "RocketLeague.API\RocketLeague.API.csproj", "{6A3D2AC4-663E-4F65-90CD-02EBB3301EE4}"
EndProject
Global
	GlobalSection(SolutionConfigurationPlatforms) = preSolution
		Debug|Any CPU = Debug|Any CPU
		Release|Any CPU = Release|Any CPU
	EndGlobalSection
	GlobalSection(ProjectConfigurationPlatforms) = postSolution
		{16C4EF84-CC4C-4548-9694-422251B1329D}.Debug|Any CPU.ActiveCfg = Debug|Any CPU
		{16C4EF84-CC4C-4548-9694-422251B1329D}.Debug|Any CPU.Build.0 = Debug|Any CPU
		{16C4EF84-CC4C-4548-9694-422251B1329D}.Release|Any CPU.ActiveCfg = Release|Any CPU
		{16C4EF84-CC4C-4548-9694-422251B1329D}.Release|Any CPU.Build.0 = Release|Any CPU
		{6A3D2AC4-663E-4F65-90CD-02EBB3301EE4}.Debug|Any CPU.ActiveCfg = Debug|Any CPU
		{6A3D2AC4-663E-4F65-90CD-02EBB3301EE4}.Debug|Any CPU.Build.0 = Debug|Any CPU
		{6A3D2AC4-663E-4F65-90CD-02EBB3301EE4}.Release|Any CPU.ActiveCfg = Release|Any CPU
		{6A3D2AC4-663E-4F65-90CD-02EBB3301EE4}.Release|Any CPU.Build.0 = Release|Any CPU
	EndGlobalSection
	GlobalSection(SolutionProperties) = preSolution
		HideSolutionNode = FALSE
	EndGlobalSection
	GlobalSection(ExtensibilityGlobals) = postSolution
		SolutionGuid = {A5C3BC09-F976-4978-819D-3C81D37CD007}
	EndGlobalSection
EndGlobal
